{
  "version": "2",
  "remote": {
    "https://esm.sh/v115/*@js-temporal/polyfill@0.4.3": "a35c1f5b12a3a5b4b71261ad8d200d0d22ab0437dac82cdd72e703156fc4d064",
    "https://esm.sh/v115/@js-temporal/polyfill@0.4.3/X-ZS8q/deno/polyfill.mjs": "343c05ef16cb30e7b9f1336b266bc86d7f050fb02c848cd2cb2a0c4f175010a3",
    "https://esm.sh/v115/@js-temporal/polyfill@0.4.3/X-ZS8q/index.d.ts": "4f4b042e1576e3158508eb16cc39f35e215137c3f01f1fc45d205fe959cc205c",
    "https://esm.sh/v115/@types/lodash-es@4.17.7/add.d.ts": "6450f52b8db6d77f8737a9386d4e968384dc5e84869b2effe9c8dfe494b400ec",
    "https://esm.sh/v115/@types/lodash-es@4.17.7/after.d.ts": "7fbc128b590fd6a60b3154943838a492bc691b1be57b30fbfe18b3f298dbe003",
    "https://esm.sh/v115/@types/lodash-es@4.17.7/ary.d.ts": "5d5900ac27d06de816749eb76e01e11a3aa9247cc0b915bebedfd32ec45c3a30",
    "https://esm.sh/v115/@types/lodash-es@4.17.7/assign.d.ts": "0018915da6990bfe550d85d77fc565736e33aa3b8d73b80ac75dc5d9aa64e0e0",
    "https://esm.sh/v115/@types/lodash-es@4.17.7/assignIn.d.ts": "a2c5a59ac0dd0a0c2a786ceb7b7de2d2e52d67f577cdd7d8855a853ba685bb20",
    "https://esm.sh/v115/@types/lodash-es@4.17.7/assignInWith.d.ts": "91bb1b84ce6de273db344748f3ff406e1108e391b9953f533df21a2d21de6a2b",
    "https://esm.sh/v115/@types/lodash-es@4.17.7/assignWith.d.ts": "debf48b328b7386a4ba41b13ca6847ba88a0b78a3f2939906d8ef1933caf008c",
    "https://esm.sh/v115/@types/lodash-es@4.17.7/at.d.ts": "47f81e9ed21fba2ef0445e8440393db97324d20a29e2d1083f7d8c53afcca96e",
    "https://esm.sh/v115/@types/lodash-es@4.17.7/attempt.d.ts": "fb1a1b6216afca2c0c2caebc8a0ed3aee28c2eb9bf6b7db890efb253e7135af3",
    "https://esm.sh/v115/@types/lodash-es@4.17.7/before.d.ts": "b39f596c52e1f5b20f2aa246804c76902b0c9279331394f776bdda4f0f5878b4",
    "https://esm.sh/v115/@types/lodash-es@4.17.7/bind.d.ts": "813b58ff9702fe9764a55b51c8f640ed5382ec581bb750777a2b2536805b1216",
    "https://esm.sh/v115/@types/lodash-es@4.17.7/bindAll.d.ts": "accf65ad8d5df8037b3c2fdf16582f81234e9cc2d97c9098bacf55b2af0b9b7a",
    "https://esm.sh/v115/@types/lodash-es@4.17.7/bindKey.d.ts": "008b59825af13e3575e2e4202c146e8bab670296a7e31de7810ebe13f83c4b0b",
    "https://esm.sh/v115/@types/lodash-es@4.17.7/camelCase.d.ts": "10e45658e4bba658a456c4d946177c4a03f0887e9318dc28d17134ae914c3e22",
    "https://esm.sh/v115/@types/lodash-es@4.17.7/capitalize.d.ts": "98ba3e42f1d2127f72e6f2cb377aef0d5a5e2cc73295ea55724bb5795630afd6",
    "https://esm.sh/v115/@types/lodash-es@4.17.7/castArray.d.ts": "7498b9352608f80bfa667fe57775151f219cbda7e1c8abf091edc44e7dd0b4a2",
    "https://esm.sh/v115/@types/lodash-es@4.17.7/ceil.d.ts": "4bca344ac67c7a078171d11fdfb39bff311cbfdfde4b421426cf0a0bc27e4bea",
    "https://esm.sh/v115/@types/lodash-es@4.17.7/chain.d.ts": "9c3fb17ddfe40e4a101ff84af513935453823a3eba8607fa472659d944d18062",
    "https://esm.sh/v115/@types/lodash-es@4.17.7/chunk.d.ts": "da004d67aa688bb336ba2b6303b3183163343aba9bb5f39cb3ddcdecfbc255b7",
    "https://esm.sh/v115/@types/lodash-es@4.17.7/clamp.d.ts": "e1b63696cbf6be482831cda7790a7020b9ab1114ed909de30ab4e7d349146bf7",
    "https://esm.sh/v115/@types/lodash-es@4.17.7/clone.d.ts": "634e16c5205b36554e16d6b2f4e059345fe35e41705e08f900b30e1960336e3d",
    "https://esm.sh/v115/@types/lodash-es@4.17.7/cloneDeep.d.ts": "2b39fbf06adee316c8a538a5b761477beaeec613c6c4d14e1f567d76449e38b0",
    "https://esm.sh/v115/@types/lodash-es@4.17.7/cloneDeepWith.d.ts": "ef09799e9889d9a43f1edaf36a340201633770b251c441f09d2281fa5feb437f",
    "https://esm.sh/v115/@types/lodash-es@4.17.7/cloneWith.d.ts": "2cbc1ac73b9bef37d41c0d967571cc5df13e8b61c1f4d12bbe5e1b8cffbd2b65",
    "https://esm.sh/v115/@types/lodash-es@4.17.7/compact.d.ts": "2fcf1088096dcc113b2a6bab2488e887d34b7aa53f0bb0d0149e3a6fe90e5fea",
    "https://esm.sh/v115/@types/lodash-es@4.17.7/concat.d.ts": "8621cf787445251c0afbe8da5dafb70541eda547c44852043c78ab340e34448e",
    "https://esm.sh/v115/@types/lodash-es@4.17.7/cond.d.ts": "2c4367eb2bcdebe534841cc22b6b21cd15d78737bf503668dd24704f56657449",
    "https://esm.sh/v115/@types/lodash-es@4.17.7/conforms.d.ts": "aa9ea2f3093b1b6a3f6045fefd4f80b32c8a39748b07f20703c229097a372859",
    "https://esm.sh/v115/@types/lodash-es@4.17.7/conformsTo.d.ts": "4ef8c2d386d49e50465de4666e84e9ce841bf01de80fbc23c9f47fee4269dc95",
    "https://esm.sh/v115/@types/lodash-es@4.17.7/constant.d.ts": "89a4faf57d1e038674f31d70b435c06703da3333534e0ac342654bbecdb24605",
    "https://esm.sh/v115/@types/lodash-es@4.17.7/countBy.d.ts": "515a16e2cf851773a5cd45f9528b043d820a3835ff7060ba06134164c2cb1efe",
    "https://esm.sh/v115/@types/lodash-es@4.17.7/create.d.ts": "387646d43d53a06eedf7c1ea2ffa5d5ed821c7862e121b1f3bd42f22244deb4f",
    "https://esm.sh/v115/@types/lodash-es@4.17.7/curry.d.ts": "f1d407e4efe4b392d1c508cc0b40d360054bed09d9e4f06c6c1c7d87b683541d",
    "https://esm.sh/v115/@types/lodash-es@4.17.7/curryRight.d.ts": "6d731c01c4ea08d502cef0c0c97a680f4b1343173e5966d1dea7329363eafe27",
    "https://esm.sh/v115/@types/lodash-es@4.17.7/debounce.d.ts": "6ebb886bd6918ddf14ceb4b8f88f5406342d410bdc064ef7892ac7f3d4e470ad",
    "https://esm.sh/v115/@types/lodash-es@4.17.7/deburr.d.ts": "e1378e581c03b1c97759b2cdb1041ec6bf3225a3e4582e86baa51a64f36b60a8",
    "https://esm.sh/v115/@types/lodash-es@4.17.7/defaultTo.d.ts": "30f21115493949568fa0cdd6b4a9c2994fad1202a8d113ec089d0e377c6c30a9",
    "https://esm.sh/v115/@types/lodash-es@4.17.7/defaults.d.ts": "fb8bd0fc29440896427eefc4cdc2a784f6b0582f1961f59329019aa07b619f12",
    "https://esm.sh/v115/@types/lodash-es@4.17.7/defaultsDeep.d.ts": "7774c598d939ea71aeff2cd65c549702089efa16f34fc57bcc9d6e1c631691d6",
    "https://esm.sh/v115/@types/lodash-es@4.17.7/defer.d.ts": "de46f0b84c540c68d9d0f4c07fcca854aa3115f5c70b8f3e703e177c1bb53fb9",
    "https://esm.sh/v115/@types/lodash-es@4.17.7/delay.d.ts": "bd1221b157c1b152b535303003be6ef5ef1aa450b024bd0c09433c0fdf1b5e34",
    "https://esm.sh/v115/@types/lodash-es@4.17.7/difference.d.ts": "0728cd341cefb29a421ccd12c14a982a85f64bb688f8200ef93f8f4969fab5c4",
    "https://esm.sh/v115/@types/lodash-es@4.17.7/differenceBy.d.ts": "fc4edba986eac1b562c13f4aebe57785809069f4b243c0ee2848bd1504f5e31f",
    "https://esm.sh/v115/@types/lodash-es@4.17.7/differenceWith.d.ts": "c91844052790f060eab985006de60fbd5d6519fd2d134501758d7982909719b9",
    "https://esm.sh/v115/@types/lodash-es@4.17.7/divide.d.ts": "4d00500422a3755317300a64b00e0fb450639d16d016c33c7efd10ae4b224df4",
    "https://esm.sh/v115/@types/lodash-es@4.17.7/drop.d.ts": "5a1d2a045072b51aa42e13cfe1a01d4da82d5fdaa9ba83b4f99e83f35d7b823e",
    "https://esm.sh/v115/@types/lodash-es@4.17.7/dropRight.d.ts": "82040ff15a99574b9289644a0eec9d7facf583842cdc4d4c8c77f6450f95ced9",
    "https://esm.sh/v115/@types/lodash-es@4.17.7/dropRightWhile.d.ts": "d133e5ae3ca4b2694f84ac0cb567dd24d2d1a26c0879dc06a578e221cbb9d48b",
    "https://esm.sh/v115/@types/lodash-es@4.17.7/dropWhile.d.ts": "9d16481d409239dea3e11664bf681c1cb5b9041b96a53c881776b40cc341715e",
    "https://esm.sh/v115/@types/lodash-es@4.17.7/each.d.ts": "f1a85184eaf213faa9753fe79936341a4b35bb70c4205bc4eb62640c5011673c",
    "https://esm.sh/v115/@types/lodash-es@4.17.7/eachRight.d.ts": "63a37f22f959a7b7ea3f389aae65d2d157639abef00454b0ac495971736dbe3f",
    "https://esm.sh/v115/@types/lodash-es@4.17.7/endsWith.d.ts": "c573ccd6dd0676b79265a685b29c13f5d63b3bbde302338dec183f480b548632",
    "https://esm.sh/v115/@types/lodash-es@4.17.7/entries.d.ts": "20afd31fd5bea9884507510b411992a4aa4d5f96b62ed29599769f1556ac03cb",
    "https://esm.sh/v115/@types/lodash-es@4.17.7/entriesIn.d.ts": "02e8ca2946315380a923621a6b8e9709b899fb1b9df36d838f4861d9a6cfe362",
    "https://esm.sh/v115/@types/lodash-es@4.17.7/eq.d.ts": "9079fbe8426d18b912de91d616b4a39db9598dcef5604e967fad79b8455fdfcf",
    "https://esm.sh/v115/@types/lodash-es@4.17.7/escape.d.ts": "09fd3b28cdfc034cf8c277a057073455a0d0781b8ffb488800cc7a905b5205f4",
    "https://esm.sh/v115/@types/lodash-es@4.17.7/escapeRegExp.d.ts": "3f88c6e9647c016c3672394048c7afae60228f36d29dd0c6037fe49fa148d602",
    "https://esm.sh/v115/@types/lodash-es@4.17.7/every.d.ts": "b4367324cdfa10b32e7a92bab298aaa2666f8b771edf55515ef752f02c663708",
    "https://esm.sh/v115/@types/lodash-es@4.17.7/extend.d.ts": "8dd15b7d8ddc4bd45bdbfb037f5dbcd8b8501d05b5208d0fbec3c8a092a5de83",
    "https://esm.sh/v115/@types/lodash-es@4.17.7/extendWith.d.ts": "14cdf0ebcee14012d525bdf74c409475f502fd9a65e489b08bc2e4f8082c2ec6",
    "https://esm.sh/v115/@types/lodash-es@4.17.7/fill.d.ts": "f48d111ab72adb6502045c9b6e50599fd6cb07c0b87c57d8ebdb0e6fbcf70494",
    "https://esm.sh/v115/@types/lodash-es@4.17.7/filter.d.ts": "901fd14478f337ec8581933145a033370ed9061996defb93bad0bba95885ff8c",
    "https://esm.sh/v115/@types/lodash-es@4.17.7/find.d.ts": "fc3e90369ae5a033c6f3477f2e02380577090d9ac44775270a3e1bc308f22ade",
    "https://esm.sh/v115/@types/lodash-es@4.17.7/findIndex.d.ts": "c0e216668e55e2e387ef4440e0b38c183b45566671c603863bf623c1b9b85fe0",
    "https://esm.sh/v115/@types/lodash-es@4.17.7/findKey.d.ts": "eb4f62d71643ed3e1f20826569634ed6a01801253c51dbcdf3b7dba5e2641484",
    "https://esm.sh/v115/@types/lodash-es@4.17.7/findLast.d.ts": "5bd46fc842e3b876bcef54c3e5085a6319534c954800d3cf71f3bc1060e152d9",
    "https://esm.sh/v115/@types/lodash-es@4.17.7/findLastIndex.d.ts": "1ddc9e9b450c242c6aff344a54842bab573559eb23008a96f4d78ee9d9ccf7d4",
    "https://esm.sh/v115/@types/lodash-es@4.17.7/findLastKey.d.ts": "758f21993e8e75cf6e897784ba9f1d23683d32e6fd567dccd584f7315de1d844",
    "https://esm.sh/v115/@types/lodash-es@4.17.7/first.d.ts": "861c72c13e32c3d1bd31e0121404ba74f11940f1e6b57cc762638330dfefaea9",
    "https://esm.sh/v115/@types/lodash-es@4.17.7/flatMap.d.ts": "1532996d07d7773537d15b3b6977a9df662737662a1951272a1e2ef5f686394b",
    "https://esm.sh/v115/@types/lodash-es@4.17.7/flatMapDeep.d.ts": "79756d0d109cac44f73db30b8f010c9df19b40766ed965c36d7e9f95bcbcbd3b",
    "https://esm.sh/v115/@types/lodash-es@4.17.7/flatMapDepth.d.ts": "b4cf9d1d3c28eb02d38de19496f6e3e3df29490d43bfafa831cbd3e87c02bf36",
    "https://esm.sh/v115/@types/lodash-es@4.17.7/flatten.d.ts": "7548ac98f171e8bf8b41790cc0890f92b407c05d62076475d97adea1d1caeb19",
    "https://esm.sh/v115/@types/lodash-es@4.17.7/flattenDeep.d.ts": "11d6c693a16a6f5074c5c97e6cda744567157c5858ee7be33b1d2eda55b773ee",
    "https://esm.sh/v115/@types/lodash-es@4.17.7/flattenDepth.d.ts": "08dbce0b436813420d0a7151e818309b7728faaba004754f700227061306e222",
    "https://esm.sh/v115/@types/lodash-es@4.17.7/flip.d.ts": "3c787e397474d085aba2ce10f02e7260acb66471b8bd4b6c4eb6fe64e50a352b",
    "https://esm.sh/v115/@types/lodash-es@4.17.7/floor.d.ts": "c9af77feb9b2566dfacd3d94a07bdda00be914170cfdce768d9e8a1f1b928e8b",
    "https://esm.sh/v115/@types/lodash-es@4.17.7/flow.d.ts": "37e677d063f4f9b05445dfe8a2b6f560763611dd770936227343d9afb7ddae42",
    "https://esm.sh/v115/@types/lodash-es@4.17.7/flowRight.d.ts": "ae667db4198caf5367227a8578916f24d0af4a3224d886da9ca33df1a79b2e70",
    "https://esm.sh/v115/@types/lodash-es@4.17.7/forEach.d.ts": "5a52d67a75420b6b786263223db9d81068206eb4c81ea89ec6b46ccc3f1aa2f4",
    "https://esm.sh/v115/@types/lodash-es@4.17.7/forEachRight.d.ts": "6c387d2f2745df0cc168a90073c1df3bf3d3bf949b69f38156bcf1a320ded19a",
    "https://esm.sh/v115/@types/lodash-es@4.17.7/forIn.d.ts": "a2104fdaff8e4b63bbd00182dc23d6e559f51b342c831bdc2b3b23e7f28a6731",
    "https://esm.sh/v115/@types/lodash-es@4.17.7/forInRight.d.ts": "33fa809703f3e1cb93c8856741f9deb259536a4c97e1b83ea9d779006cca844e",
    "https://esm.sh/v115/@types/lodash-es@4.17.7/forOwn.d.ts": "a8a2073a65d5e824d8befdd5771f0ad0ed0482f899e66e52c3180c8f2d475aa1",
    "https://esm.sh/v115/@types/lodash-es@4.17.7/forOwnRight.d.ts": "b79f45a53672970305041a7a362dff89451f4d8dc7f1d40e2fd5c73fc33513a3",
    "https://esm.sh/v115/@types/lodash-es@4.17.7/fromPairs.d.ts": "e292e4b2650a33249bd0d6e0fad620659ecae357280f0b783a253e728585d269",
    "https://esm.sh/v115/@types/lodash-es@4.17.7/functions.d.ts": "fa828137e658fae860d421f94eba2685de4c83c17e8eb4bde32751a64f4b2c9b",
    "https://esm.sh/v115/@types/lodash-es@4.17.7/functionsIn.d.ts": "2c6c4b48215712b9aea2c7060cd814eec5b98a9f9166e450edf2a51f96b6ac86",
    "https://esm.sh/v115/@types/lodash-es@4.17.7/get.d.ts": "b0d557d40768fc1281786c8a18b1f52db805435337dca27e677e146aa22776e2",
    "https://esm.sh/v115/@types/lodash-es@4.17.7/groupBy.d.ts": "ac643877d27a6cb2b141303ac4860ec4b6e38dac0db399144dc67863bd128983",
    "https://esm.sh/v115/@types/lodash-es@4.17.7/gt.d.ts": "4c04faf2260bf40bd5b50e3d47bf9864d24a641d208adf5d6182fba2124e9dce",
    "https://esm.sh/v115/@types/lodash-es@4.17.7/gte.d.ts": "04d2e1c5d1619127ee72584bc3b1ea8bc76a7aabf6d37f5f283fc7b59d316324",
    "https://esm.sh/v115/@types/lodash-es@4.17.7/has.d.ts": "0b6d20b0c9662700f10a69db87fcd0228ab1d98f13e00de1040c96fa56963f50",
    "https://esm.sh/v115/@types/lodash-es@4.17.7/hasIn.d.ts": "2c23817ef9713fca0f55a08ac2948f050c3cee6d00dacf87fff89bad6db1a25b",
    "https://esm.sh/v115/@types/lodash-es@4.17.7/head.d.ts": "5538e95576a1d7579115d8325cbe814141137f79e99249e4434982ca0ee7941d",
    "https://esm.sh/v115/@types/lodash-es@4.17.7/identity.d.ts": "7d6e69aec129d40137c19f37217e21d6cb1a93cbd367b5167042b0c25ebe887c",
    "https://esm.sh/v115/@types/lodash-es@4.17.7/inRange.d.ts": "bfb2cd0ca01e7cd6965f91fb3967291987592d35678dd5390c6fad4ec6084eb2",
    "https://esm.sh/v115/@types/lodash-es@4.17.7/includes.d.ts": "2e78f0ceb1b196c17e2b08450f1b401b00f9b723080471b14be24a65a8cf4601",
    "https://esm.sh/v115/@types/lodash-es@4.17.7/index.d.ts": "b7b0ffa248b309c029ea0fd36a16f0716d6489f0afbf3876f4b65a82ffbb5407",
    "https://esm.sh/v115/@types/lodash-es@4.17.7/indexOf.d.ts": "1134bc0b693f4c20d922fcc8313b60ed966314d2feb9fd1a3fe777da842e0a58",
    "https://esm.sh/v115/@types/lodash-es@4.17.7/initial.d.ts": "62f535dc84c522a5ea230bbb082b98334d35a69fb32cba61a0245448e2b92d64",
    "https://esm.sh/v115/@types/lodash-es@4.17.7/intersection.d.ts": "8d31d7fdcd70d48ac9f8a5d8aed1b70e53b3733c720afbb86de46f95a14eaccb",
    "https://esm.sh/v115/@types/lodash-es@4.17.7/intersectionBy.d.ts": "ade4ed2ca846f1106be2f758093c45bf1ef436582787eeab16295c02a449e771",
    "https://esm.sh/v115/@types/lodash-es@4.17.7/intersectionWith.d.ts": "cfc1c3aac6a616386df65a63d82e3c55e8f94dc32d429690616fe0a28e8e9fc8",
    "https://esm.sh/v115/@types/lodash-es@4.17.7/invert.d.ts": "07be5513f87efa921c0cd079fe514236e14da3a3221b888eae49b251d94516de",
    "https://esm.sh/v115/@types/lodash-es@4.17.7/invertBy.d.ts": "6ed859f6317062314472b703e0c81697f41e34604912734c2c2c51430682fc7d",
    "https://esm.sh/v115/@types/lodash-es@4.17.7/invoke.d.ts": "55342c896e9a7eafe0897da01c31965d6b8b1e8fab9f82b6e9a39b1eda975707",
    "https://esm.sh/v115/@types/lodash-es@4.17.7/invokeMap.d.ts": "3c14bb12605c55870ad6db1547253323197af33db39c406f55e24c433a95b521",
    "https://esm.sh/v115/@types/lodash-es@4.17.7/isArguments.d.ts": "589408c2ed891664041057c47a77aa7c1ed3a53d514b258c8dad5444707665bf",
    "https://esm.sh/v115/@types/lodash-es@4.17.7/isArray.d.ts": "ba77c0bc771e06b2318bceb4cd9f85060f92c10c3d2f65dfca92ccea53d353f1",
    "https://esm.sh/v115/@types/lodash-es@4.17.7/isArrayBuffer.d.ts": "80572e3c335525c8f5f86b32617966f418d19b671aa41879b27eddc3b5584279",
    "https://esm.sh/v115/@types/lodash-es@4.17.7/isArrayLike.d.ts": "09f44fa106075559c0c428e744fecda14a36c5d67e10374f75e6b64f050732bc",
    "https://esm.sh/v115/@types/lodash-es@4.17.7/isArrayLikeObject.d.ts": "6fc734f0a873fd6ee5e60a41c57ab402feb0418b495af628ad99438af4589a42",
    "https://esm.sh/v115/@types/lodash-es@4.17.7/isBoolean.d.ts": "145383fd449bb55d15adb352d3fef7d872dc633971a5870893f9086ab196d9bf",
    "https://esm.sh/v115/@types/lodash-es@4.17.7/isBuffer.d.ts": "83eba60354778cd6f139deeba1822446c0f0988870e15a7e3ee99466a9a22d2e",
    "https://esm.sh/v115/@types/lodash-es@4.17.7/isDate.d.ts": "5b644f1fef5ca897d68c41d43881f0a4e6bb9e6f844d0dd111cdad676d40ebf3",
    "https://esm.sh/v115/@types/lodash-es@4.17.7/isElement.d.ts": "656ce92b5a04004540a9e7ea30b291f2d3c17492ff577e80aad1b4cb22583e8f",
    "https://esm.sh/v115/@types/lodash-es@4.17.7/isEmpty.d.ts": "cf9ec1be24f6a6aeea121800544235ea1fe874c68ec151a07844ac63724c8b47",
    "https://esm.sh/v115/@types/lodash-es@4.17.7/isEqual.d.ts": "c738746286e70d19758cb7088edf6d4d5c3b720938984b1b6dd83a25bff4e61c",
    "https://esm.sh/v115/@types/lodash-es@4.17.7/isEqualWith.d.ts": "dee27c0cb7d66dcdef32e1e5d71ce0f8d1ad4926d51f9b0c8b8277b3a1a21dae",
    "https://esm.sh/v115/@types/lodash-es@4.17.7/isError.d.ts": "e7345d48d5f05be8b354e58f0acbf36221caf5912a85d6f214711bb2adf68314",
    "https://esm.sh/v115/@types/lodash-es@4.17.7/isFinite.d.ts": "01df238f47989477ca0c46aa29bc7df27d14a305921762d539d4d19e77460933",
    "https://esm.sh/v115/@types/lodash-es@4.17.7/isFunction.d.ts": "12ded2712ec5f86b0d90d1544eb57f257bc872d6be43a29b7f591faf8a67bba1",
    "https://esm.sh/v115/@types/lodash-es@4.17.7/isInteger.d.ts": "e0bec865f7606030da2033bbbaa22dfe26da405f29f45fdbed8abaa43a63aca8",
    "https://esm.sh/v115/@types/lodash-es@4.17.7/isLength.d.ts": "cc82c12af26f617b700cf783cd3a8c5f49b3c3227fcb2c7f3a0f611ae84ca39b",
    "https://esm.sh/v115/@types/lodash-es@4.17.7/isMap.d.ts": "758a7e4c0ff390eebcc46d3fbfded7b1a867afae1ce70f44f5b3cd1fe3770205",
    "https://esm.sh/v115/@types/lodash-es@4.17.7/isMatch.d.ts": "4529bba8ec8e55b345452ba01c497f414518621f52c4692a25e445bd5547f432",
    "https://esm.sh/v115/@types/lodash-es@4.17.7/isMatchWith.d.ts": "22e5b57daa40911e6fcbbabd8029590b5da31f3c0fcbde63554ef06bdad21940",
    "https://esm.sh/v115/@types/lodash-es@4.17.7/isNaN.d.ts": "b17c55ac8fec8840d2df60cd95ca793c79b9a43cd34490db56503082765a6d07",
    "https://esm.sh/v115/@types/lodash-es@4.17.7/isNative.d.ts": "c59125d5c9167aa827bdbfbc1189c4fd8fbbeef36cef34ac971fc5dfb7c3ea5f",
    "https://esm.sh/v115/@types/lodash-es@4.17.7/isNil.d.ts": "4251ed7d870a682569b6cd96f917f7881f34d423b57ea0416f9ee0bc9d6fe5a6",
    "https://esm.sh/v115/@types/lodash-es@4.17.7/isNull.d.ts": "43baebebf90f0b2b0aff2854b13efc5baf9191daba5c9e30383dd220e4e11fbd",
    "https://esm.sh/v115/@types/lodash-es@4.17.7/isNumber.d.ts": "90d380092b3209eb7b262b7f85663300f4586f660281760dbd84cb6e60a27dda",
    "https://esm.sh/v115/@types/lodash-es@4.17.7/isObject.d.ts": "4b5ea95cae138b121c81425289db70dab27d06386c4bba58854df0dd53a5ec3d",
    "https://esm.sh/v115/@types/lodash-es@4.17.7/isObjectLike.d.ts": "c0894bab130be82ae76c2ce04246c86190e3173fa7b992d7094932d515c490f6",
    "https://esm.sh/v115/@types/lodash-es@4.17.7/isPlainObject.d.ts": "23c71d004f186b1a220ee419091dc45441494e9ae22cac885726d5ec2233a0c1",
    "https://esm.sh/v115/@types/lodash-es@4.17.7/isRegExp.d.ts": "affb83445c250a5d97d96ed71367db8c38e81bfaaa361603773742ff5d4f1a0f",
    "https://esm.sh/v115/@types/lodash-es@4.17.7/isSafeInteger.d.ts": "e3517d74d292ed229aa48ea699814eb342fa061d4f03c03054988f8dc629f0a3",
    "https://esm.sh/v115/@types/lodash-es@4.17.7/isSet.d.ts": "eee9148e2125da0e5c9980ebd4e35e6fad6524b84c3fabb4fce1bdb80377abbe",
    "https://esm.sh/v115/@types/lodash-es@4.17.7/isString.d.ts": "e0c7f32050e3291cd757525664675957a082fe817e05f7b97e287b10cacb7a8a",
    "https://esm.sh/v115/@types/lodash-es@4.17.7/isSymbol.d.ts": "7baa263daba89193e1e3e795eb3fee6bbb405c16b12b0eb96461e1445e4e23d0",
    "https://esm.sh/v115/@types/lodash-es@4.17.7/isTypedArray.d.ts": "9fb533a159b3bb9fa0dcaebbe48678a4cf7df536c1e8657a58b10d50a0e731c2",
    "https://esm.sh/v115/@types/lodash-es@4.17.7/isUndefined.d.ts": "9db92e0c14d1690ec8927a8a2038dc682bd1bed76583e6dcc521d9e3fd18faeb",
    "https://esm.sh/v115/@types/lodash-es@4.17.7/isWeakMap.d.ts": "807f6efe30adb13516314f216a38dca3a018058881d5cb352bc72c09e2560523",
    "https://esm.sh/v115/@types/lodash-es@4.17.7/isWeakSet.d.ts": "62aedeabc7ee6d4ac30aaaf4fa08af8235c4993e735c0d8eb98645583ce90b53",
    "https://esm.sh/v115/@types/lodash-es@4.17.7/iteratee.d.ts": "e80805076d0caf935dc394e2fc0416e45f2694802dd1303812327e654b699b94",
    "https://esm.sh/v115/@types/lodash-es@4.17.7/join.d.ts": "0b336cc1238bea08f540197412bfb2a07308861b1cede161fb61a64f6c016cef",
    "https://esm.sh/v115/@types/lodash-es@4.17.7/kebabCase.d.ts": "6be598df235f48198ab00aacc841da3b6e46905b9af119fdc11fdedf7d9000ed",
    "https://esm.sh/v115/@types/lodash-es@4.17.7/keyBy.d.ts": "de979a0e488bdabe39c7906f46a2178b24717e8ba820c95536a8ebe6d8144650",
    "https://esm.sh/v115/@types/lodash-es@4.17.7/keys.d.ts": "2087ab988ab0d42a805e4695063ec9d8b59035624fbbd5019e70d622e5c929e4",
    "https://esm.sh/v115/@types/lodash-es@4.17.7/keysIn.d.ts": "06240a2706e72ac9dd274ec3193ee24ec7cdf8e7a9f8f4661ffa2b7113e917ab",
    "https://esm.sh/v115/@types/lodash-es@4.17.7/last.d.ts": "361056eeb267536a6d77b2f2c329b550cb0b55b0d2ab4073da21c37b6ba94ab6",
    "https://esm.sh/v115/@types/lodash-es@4.17.7/lastIndexOf.d.ts": "0758a7f3846d9bb77485a5d77a3708c3c9fbac5ac04b0929d64a59c21583f2ec",
    "https://esm.sh/v115/@types/lodash-es@4.17.7/lowerCase.d.ts": "c3172a00fa69b20c1d69b6b6a7a86a8ea4e0d1d9ae69d5905ffb66d85760f41f",
    "https://esm.sh/v115/@types/lodash-es@4.17.7/lowerFirst.d.ts": "e9cc05da3fdfd297ca6be691b8290ec1a2dfcae6b325482b4a18a32695f9ab2d",
    "https://esm.sh/v115/@types/lodash-es@4.17.7/lt.d.ts": "ad3a2bcec46f36ac4265419ca91ebf0a6ab19828c83be249f4548cadb6f38c64",
    "https://esm.sh/v115/@types/lodash-es@4.17.7/lte.d.ts": "57db6a0ac2e74a6da47be16e7533ed7285ec90b0bafdbbea6b9478b7538e2f87",
    "https://esm.sh/v115/@types/lodash-es@4.17.7/map.d.ts": "fd284b3000f1202250ecae19ebbe68202aced360af0ade90d47d62b163d3adfe",
    "https://esm.sh/v115/@types/lodash-es@4.17.7/mapKeys.d.ts": "5c7482778b2842c077258ac8f5d88b402d1a5465aa294b88b686f60ed095f221",
    "https://esm.sh/v115/@types/lodash-es@4.17.7/mapValues.d.ts": "ded21df01f7d0f1766a5a4374d83fd35318b99f87c9e8845bd2ca20adc2d2e70",
    "https://esm.sh/v115/@types/lodash-es@4.17.7/matches.d.ts": "e5b1581c346599357156a1fe63e2ade27c1ce6c52157b230d22f20dede493d7f",
    "https://esm.sh/v115/@types/lodash-es@4.17.7/matchesProperty.d.ts": "47bd79dd993eb8774bc0cbd0bb8a2d88e6c172e1ced5e21eb6c7226b34a37805",
    "https://esm.sh/v115/@types/lodash-es@4.17.7/max.d.ts": "ecb8bbe3af78cc9b954f8ed2f7f7808a0212e91003b573d98c586d16e33dea33",
    "https://esm.sh/v115/@types/lodash-es@4.17.7/maxBy.d.ts": "feea612b04cd5d51df182cfad72ce40a77cae9af57c97531798a8ad8d1ff03e0",
    "https://esm.sh/v115/@types/lodash-es@4.17.7/mean.d.ts": "3246be4f66490e935b038b4cebc51a29a13ad48219a68332f7f353da122f03b0",
    "https://esm.sh/v115/@types/lodash-es@4.17.7/meanBy.d.ts": "a9531594e5c19892043fb5406c3baf60a913218fb09e55faa3379362fe36a6ba",
    "https://esm.sh/v115/@types/lodash-es@4.17.7/memoize.d.ts": "38b122e2cbb52b305455e062dd6d91968e68f1aef8a56155cd53ae83f4267a45",
    "https://esm.sh/v115/@types/lodash-es@4.17.7/merge.d.ts": "d80a0c4b3fb29e989071919f4e24bd3cfe7c16f7b90652e98df603e46503edc5",
    "https://esm.sh/v115/@types/lodash-es@4.17.7/mergeWith.d.ts": "1427e230674804f49367baf3fd1711544229363a3647ef11b0c0a31bc7e73be0",
    "https://esm.sh/v115/@types/lodash-es@4.17.7/method.d.ts": "746076aca7fef94ee6ee93955be0b83d9e12af5a27d356a33cb1ceab23cdfbc0",
    "https://esm.sh/v115/@types/lodash-es@4.17.7/methodOf.d.ts": "eb1fa7d7662f2e530505f6f1b7d4b1d2ba7ddc4b792e99b425336bb68536a454",
    "https://esm.sh/v115/@types/lodash-es@4.17.7/min.d.ts": "bf31156e41971a36fe232ed95a4d1bfea1c1ce4213a04ed3190aae6335573888",
    "https://esm.sh/v115/@types/lodash-es@4.17.7/minBy.d.ts": "01b91dec71e534b678d6334bcd8f2e3f087749f116b94b2a757daeb3c12d32b3",
    "https://esm.sh/v115/@types/lodash-es@4.17.7/mixin.d.ts": "02dcdd427f4bfce71993976b593713c8f59b66ab4231dcda99032ddf07a58d67",
    "https://esm.sh/v115/@types/lodash-es@4.17.7/multiply.d.ts": "b7fe1e8d6881d372cbddb25de96329de426ee2e16a566a858357e2a720a7b4a4",
    "https://esm.sh/v115/@types/lodash-es@4.17.7/negate.d.ts": "9409ecc629f52fff3817c3c50a58d51d764fd3e387a7674300cc88dc8f5ddd49",
    "https://esm.sh/v115/@types/lodash-es@4.17.7/noop.d.ts": "c8bfc769de720f597a9c172da199ca5b0644ad482c82d5e3dcd7f085f7385439",
    "https://esm.sh/v115/@types/lodash-es@4.17.7/now.d.ts": "453285afe38ed4104af27a1aa445ba4a50e810f4fbc6cfe6e42a4219a00f7fce",
    "https://esm.sh/v115/@types/lodash-es@4.17.7/nth.d.ts": "8755fbee9b4c7cacc8c4e50da819b1518fa5b342d0f3af61c6d6e4832cdd94b1",
    "https://esm.sh/v115/@types/lodash-es@4.17.7/nthArg.d.ts": "0c915303761fec7626a783329e86658b2ccf25ecd18c492f4a463858d719bcbc",
    "https://esm.sh/v115/@types/lodash-es@4.17.7/omit.d.ts": "1ff8817f3457110f5ec4faadbd8efb6e3529f759a9ece3cfadd99d9f0e9282d2",
    "https://esm.sh/v115/@types/lodash-es@4.17.7/omitBy.d.ts": "2578b7ccce3465ce21a527b40dd6c494d6b5523ef4bd1456d4aaf504a378f54b",
    "https://esm.sh/v115/@types/lodash-es@4.17.7/once.d.ts": "24558fe64934706e06ce3bc7e565e348122a7fe7a8cf109c2545ea13c8f7a209",
    "https://esm.sh/v115/@types/lodash-es@4.17.7/orderBy.d.ts": "b34bd4af9b805e46400f5b972415c281439a1d59584724b81e734ed005120b4d",
    "https://esm.sh/v115/@types/lodash-es@4.17.7/over.d.ts": "85c049235ed7ca2084e700b05c585693e2ad463052f7f595a7c57c35f1aeff27",
    "https://esm.sh/v115/@types/lodash-es@4.17.7/overArgs.d.ts": "79ff00bf91b7ea5fa7ea4c124a074ac4b5177df21b68409ccf9efc1dae16a98c",
    "https://esm.sh/v115/@types/lodash-es@4.17.7/overEvery.d.ts": "8f5b67a39c7c3fc82e537af9a2ec1de35caa11992c68eded72b29a0ca1d70f5e",
    "https://esm.sh/v115/@types/lodash-es@4.17.7/overSome.d.ts": "8d63e094f87cf177b9af1562f312d01c871d3e201acf9b203fdeef4ee94d69e5",
    "https://esm.sh/v115/@types/lodash-es@4.17.7/pad.d.ts": "74cd8010d71d3ebe3895a27d79cfd8a17a0f929477b185b098250582b621e532",
    "https://esm.sh/v115/@types/lodash-es@4.17.7/padEnd.d.ts": "2db708159abea5948d3870d68ab6eee891901c62aeab5d38870bbf87e6241feb",
    "https://esm.sh/v115/@types/lodash-es@4.17.7/padStart.d.ts": "1d669508128f53452f3e8fd5691d18dbe5b1b2d4e094833399bfdae1a5607a71",
    "https://esm.sh/v115/@types/lodash-es@4.17.7/parseInt.d.ts": "4955139eacde18d45230864225f5e7b8d4190e586b2cdf68230bdf8419723257",
    "https://esm.sh/v115/@types/lodash-es@4.17.7/partial.d.ts": "856e5895d167b7b5053f588f17b110b2d7b9077c16e397c9366b542d9fbf5d76",
    "https://esm.sh/v115/@types/lodash-es@4.17.7/partialRight.d.ts": "c3f108a32b2fbcca095c3fc5682b87f41757ef7beab84e1d0dcd6ad449f333db",
    "https://esm.sh/v115/@types/lodash-es@4.17.7/partition.d.ts": "d77a32e6914ce7b3f3fe0b9657ee6f5e76693489054f43ae08ffacee207b2cd9",
    "https://esm.sh/v115/@types/lodash-es@4.17.7/pick.d.ts": "425e811c16daa0bbb774fb0fff68abfdb405892798b5df63c9b35cf69a5fcc38",
    "https://esm.sh/v115/@types/lodash-es@4.17.7/pickBy.d.ts": "8b20c533542ddfa9068a4e9f455628556d08c337e6ceb3598f5cc23a7eee0d3c",
    "https://esm.sh/v115/@types/lodash-es@4.17.7/property.d.ts": "04ab02c571370ef633283ca7241a735b8c12fa4e984c53dc05c45710002e4888",
    "https://esm.sh/v115/@types/lodash-es@4.17.7/propertyOf.d.ts": "51f2a5c35369f9ce620bdc173c97e3112aa3b659cf237c845a3e026575667bf4",
    "https://esm.sh/v115/@types/lodash-es@4.17.7/pull.d.ts": "028f88ccd3e3909b9a337b3a788a151b77e2263202021639e83bb23b5ff6a69a",
    "https://esm.sh/v115/@types/lodash-es@4.17.7/pullAll.d.ts": "54062dae0d213feea151d25fef1e60d46b003efa4a80e40ae7c088423e1bab40",
    "https://esm.sh/v115/@types/lodash-es@4.17.7/pullAllBy.d.ts": "4a9b1cf4e8ee617a7e8ac3f2cad16e0720710499c936daa7080479891ad7488d",
    "https://esm.sh/v115/@types/lodash-es@4.17.7/pullAllWith.d.ts": "d9b2f25f10d7cee437e8116b631a9aad7262324f686d27bb86384ec676cfe25d",
    "https://esm.sh/v115/@types/lodash-es@4.17.7/pullAt.d.ts": "88c9d10afaeab63c21f37bfeee6992dfc6a375da6c29de4994f2e25da09852ac",
    "https://esm.sh/v115/@types/lodash-es@4.17.7/random.d.ts": "dbfb1b8f48c7dc9d77b9ae52d8abb16babe2e55fd125a119b1b28e4acf0be4ea",
    "https://esm.sh/v115/@types/lodash-es@4.17.7/range.d.ts": "1122afce0007d6171a94cb5bb7db75706e2d3b4c4cf69df3c0618a436e9c7dcd",
    "https://esm.sh/v115/@types/lodash-es@4.17.7/rangeRight.d.ts": "44f7801e27fbcda70bd8620dca6a6ba8c53addf63480ba48d4afbefcc4b98fc0",
    "https://esm.sh/v115/@types/lodash-es@4.17.7/rearg.d.ts": "df5fcf06234f4aa452b99359d0e765281b02ded2f8c80df3feb8c39a890e6b80",
    "https://esm.sh/v115/@types/lodash-es@4.17.7/reduce.d.ts": "166820f2539263450ca95ad8ec85d731573b302a090602379cb0b8886ae07cd0",
    "https://esm.sh/v115/@types/lodash-es@4.17.7/reduceRight.d.ts": "b046d1f20a28fe15f40d34e5795ac48ba02f58ca0bdec81e83cd77bf202abfe6",
    "https://esm.sh/v115/@types/lodash-es@4.17.7/reject.d.ts": "a6c56a3aa089ae9043cf1a1a464c31a03ad7aad786c9aa470e8ba55ed4962f61",
    "https://esm.sh/v115/@types/lodash-es@4.17.7/remove.d.ts": "eb1b57c1cb900ba563653c3b74bbf1b72c9eb78b72532ea1e08fefec04e88c9f",
    "https://esm.sh/v115/@types/lodash-es@4.17.7/repeat.d.ts": "365d019602eb1e9127f1935e0884df521390ab6239147479669019e784ff5ddc",
    "https://esm.sh/v115/@types/lodash-es@4.17.7/replace.d.ts": "1acde3372c60f255c5cf7ffc1c2418158088aa211538b90898bce81fc59a5033",
    "https://esm.sh/v115/@types/lodash-es@4.17.7/rest.d.ts": "90098df2eb7b07dbce01b8fe04fad356b86d2bd60fd17c19b512f37304a4fb1a",
    "https://esm.sh/v115/@types/lodash-es@4.17.7/result.d.ts": "e0cc40cddd970f8b1f78e7703ae1ea6cf8ce87a080ff5392ca50424f76d68db8",
    "https://esm.sh/v115/@types/lodash-es@4.17.7/reverse.d.ts": "174cbbaef0ef23d5189098f8a426113ab50e199c88dc653c414dabe0bab59bb8",
    "https://esm.sh/v115/@types/lodash-es@4.17.7/round.d.ts": "89bd3142335cc37a378526fb1b78223bdada7b8873c15b4b1495a66e2fe5f5a4",
    "https://esm.sh/v115/@types/lodash-es@4.17.7/sample.d.ts": "38f809e3840908323af8c1fa7c021f9abf119029a1581b69ffc349f5759d6a20",
    "https://esm.sh/v115/@types/lodash-es@4.17.7/sampleSize.d.ts": "ba588903879661d88f848486fee974382daa80b22ae7b99aee2c7dccfb815157",
    "https://esm.sh/v115/@types/lodash-es@4.17.7/set.d.ts": "1fdf4f81daa3db384349277b879f5ee72054080ab94d9e4c0dee1cbb7b458f71",
    "https://esm.sh/v115/@types/lodash-es@4.17.7/setWith.d.ts": "8c9cffe323772b36f17578c47111b2af62822dad3fb462ce557fdd444e17042a",
    "https://esm.sh/v115/@types/lodash-es@4.17.7/shuffle.d.ts": "2ba39670247d746a0a71cd9fdc171a62b346fb3497b0d047b3ff5c320716759a",
    "https://esm.sh/v115/@types/lodash-es@4.17.7/size.d.ts": "6683019b21acfbbcafb8dafd48cf55650d696f5489b713ddac12b975402e2cf8",
    "https://esm.sh/v115/@types/lodash-es@4.17.7/slice.d.ts": "781e948afaf15ee196f2a0c78b1875742f02e32482ea629d25a77faf959ea49b",
    "https://esm.sh/v115/@types/lodash-es@4.17.7/snakeCase.d.ts": "65ad9fba4a09e1586b9d886464571b0f5f72f0bb519de2e4f8362830939201e1",
    "https://esm.sh/v115/@types/lodash-es@4.17.7/some.d.ts": "cd2bf07a741a9b79b1c29b2dd5bbd90885e9d947982a2be6ea2a9ec42e072543",
    "https://esm.sh/v115/@types/lodash-es@4.17.7/sortBy.d.ts": "b5be40d765f3a85b57f5bccbb56e7c488e1160f6cbab4caaea474dde42cef374",
    "https://esm.sh/v115/@types/lodash-es@4.17.7/sortedIndex.d.ts": "06b4e079679907840105a96446fbc29e97fc10bcbb3f45319fd8df4e0837654d",
    "https://esm.sh/v115/@types/lodash-es@4.17.7/sortedIndexBy.d.ts": "1306ac1a902cc71ae6d0e616bd809bab5b249d05cc595616c00d01ac01750c18",
    "https://esm.sh/v115/@types/lodash-es@4.17.7/sortedIndexOf.d.ts": "a43ae6fee8150772ce422a16a0c47557e92100e3fcfc275fb7b4e7def920dadb",
    "https://esm.sh/v115/@types/lodash-es@4.17.7/sortedLastIndex.d.ts": "084f042c2d6a9882f9777f5a3c69e5beeed223d90ee029adab668f89dc54c23f",
    "https://esm.sh/v115/@types/lodash-es@4.17.7/sortedLastIndexBy.d.ts": "50606f4206489b24b5457e5fc1fa1c6e7a6a05644632be431b79739be3e4e7e6",
    "https://esm.sh/v115/@types/lodash-es@4.17.7/sortedLastIndexOf.d.ts": "50e7c1c5f6ba9a054aeeacbc24370beeeda55c7f83a7afbbe0b1831924bd011e",
    "https://esm.sh/v115/@types/lodash-es@4.17.7/sortedUniq.d.ts": "b0bb710243473095af325f5ee8100c9b7263c10acdd54d56a9f7e979f23e379c",
    "https://esm.sh/v115/@types/lodash-es@4.17.7/sortedUniqBy.d.ts": "e6c3faffededa0b2f3c7314b0d4035bb41614343c0ea7866fafc0d08a410fe22",
    "https://esm.sh/v115/@types/lodash-es@4.17.7/split.d.ts": "4cbbd5c1f8e3a4b963d6123d2999d098a6fc678874f7fb7ddf12695aa13ec264",
    "https://esm.sh/v115/@types/lodash-es@4.17.7/spread.d.ts": "2a7bcf6d6482dc7d9c1dfe81ea1282e103e70bdda21ff67b6065de5d8c528c7d",
    "https://esm.sh/v115/@types/lodash-es@4.17.7/startCase.d.ts": "cd0cb5271ce52e794dec041c81c2c3c937cabf5f01bd5df0b21aa5d24c93fc72",
    "https://esm.sh/v115/@types/lodash-es@4.17.7/startsWith.d.ts": "d139977385845ba3ca401d85ceca558cd4b45c38932dbb5a9830408e8514166c",
    "https://esm.sh/v115/@types/lodash-es@4.17.7/stubArray.d.ts": "606129c4ce7f06254a54f5d44ffd270ab0b98c763e4a9e12d39886acc87d37b2",
    "https://esm.sh/v115/@types/lodash-es@4.17.7/stubFalse.d.ts": "48fb89465d59ea544cccb502653476a5dedb52a746c66eae87f3cd653d2c5cb2",
    "https://esm.sh/v115/@types/lodash-es@4.17.7/stubObject.d.ts": "60a4e1bcc462f23e46e70a4903323b9350cf4a4ec3294d6b45292c6f8ffed085",
    "https://esm.sh/v115/@types/lodash-es@4.17.7/stubString.d.ts": "5f56313cc09c2927e30261ae0267e3b46b1c49ed8be5b6bd2eb1841bc56bd9b9",
    "https://esm.sh/v115/@types/lodash-es@4.17.7/stubTrue.d.ts": "fc9c0bf5a9df164b34ff65d6f59c8389670cdee0e6181e9d301945e3c7876a62",
    "https://esm.sh/v115/@types/lodash-es@4.17.7/subtract.d.ts": "1b30b8c4f05b65118c09d566dfbd20da2c8cb53dfb3677dcbdce9c91aa4772af",
    "https://esm.sh/v115/@types/lodash-es@4.17.7/sum.d.ts": "01d734851f88eabd6138bd428198540dec098f1ab4f18c4987658a7bba5df745",
    "https://esm.sh/v115/@types/lodash-es@4.17.7/sumBy.d.ts": "9a574ae430e1944b1269fa4234f27386fca112338bdfb75c1a479335ba610eda",
    "https://esm.sh/v115/@types/lodash-es@4.17.7/tail.d.ts": "77f046048ddfacff7122d0d180ab026ce1751f77a66035e15c14457c3e456fbb",
    "https://esm.sh/v115/@types/lodash-es@4.17.7/take.d.ts": "9ac756056bb75598a1f1e9974b18c10f438265805b1b0fcab1603008a290f788",
    "https://esm.sh/v115/@types/lodash-es@4.17.7/takeRight.d.ts": "fe5663db7b822c4f52c791a4bc3f515fdd0186b2b32c436ad6010bfa279db18b",
    "https://esm.sh/v115/@types/lodash-es@4.17.7/takeRightWhile.d.ts": "14d8420e4216e0ccf70966d3247d0bbfc64c0e83c34cc6c6f5a8850aa128dc43",
    "https://esm.sh/v115/@types/lodash-es@4.17.7/takeWhile.d.ts": "c601fd79b5647dc8443a66453b44c658a613d67cfcc619abc14a5b22aaf775d5",
    "https://esm.sh/v115/@types/lodash-es@4.17.7/tap.d.ts": "f959e38aa6cd8a3152b7e8879239ff4a7c46468e786524d2683c9de497f56f00",
    "https://esm.sh/v115/@types/lodash-es@4.17.7/template.d.ts": "9683fe31da073fe9e03be262e5dfb64f929a623b1a5b0aae5ab7768361ee4e0f",
    "https://esm.sh/v115/@types/lodash-es@4.17.7/templateSettings.d.ts": "208dc36b6f0902b0bdac38dc82d52184c4fe03658ac887d59643314c1bcdab5b",
    "https://esm.sh/v115/@types/lodash-es@4.17.7/throttle.d.ts": "a5a5a196ffcf0d34ac94d49eaa24be2e3fb1f1820cb70528d3b78fa91ab6ea90",
    "https://esm.sh/v115/@types/lodash-es@4.17.7/times.d.ts": "a34dac006cebf77c933f633cd1e3782457273e310493668efc7ce85994492453",
    "https://esm.sh/v115/@types/lodash-es@4.17.7/toArray.d.ts": "b71a5028481ea455f3dbbb6cb36efd92f51655306dfed971b53188bc5f9dea0f",
    "https://esm.sh/v115/@types/lodash-es@4.17.7/toFinite.d.ts": "1f6ecbe64afcf9461f3c1ef9b0bb2f012d7f012a74fe93f5d9972ca78966ea15",
    "https://esm.sh/v115/@types/lodash-es@4.17.7/toInteger.d.ts": "065419aa39c1bb3f6d5b5e2519d38d345d8b9e001c2d0d4f992b3fd86e28bb53",
    "https://esm.sh/v115/@types/lodash-es@4.17.7/toLength.d.ts": "75d4b455ef2da7b38d2addae9dcd57879ecb6be2447dcecb79a3c782db5316b1",
    "https://esm.sh/v115/@types/lodash-es@4.17.7/toLower.d.ts": "adf4e45d2c3889b764e082bc8cedac294e2444e01a7a5ce9438e9eeaf49d3b8b",
    "https://esm.sh/v115/@types/lodash-es@4.17.7/toNumber.d.ts": "23caeb8e5456f1ba43ba12c6bf6d87decbc9ce4849cef8d2b3317d2ad526a1ba",
    "https://esm.sh/v115/@types/lodash-es@4.17.7/toPairs.d.ts": "54937f618dae75b159b076654f61fc333035027a9a87f2db971d8499e466e59d",
    "https://esm.sh/v115/@types/lodash-es@4.17.7/toPairsIn.d.ts": "9e46e38397784470c341e5ce164f9455a14815f08fcabe4f193a45ab548ad9ec",
    "https://esm.sh/v115/@types/lodash-es@4.17.7/toPath.d.ts": "8db4b279f12aed96a66ca0fce6fbd39e0e87227ace4be83571a914018000d766",
    "https://esm.sh/v115/@types/lodash-es@4.17.7/toPlainObject.d.ts": "112dd992e2ce23dd8be56fc71a89a58a787b1c0056a02bbb28591463a16532b1",
    "https://esm.sh/v115/@types/lodash-es@4.17.7/toSafeInteger.d.ts": "73d378d7590c3f81250361d61ef52e84011e6797c74f2859861a129e9f5da290",
    "https://esm.sh/v115/@types/lodash-es@4.17.7/toString.d.ts": "5b070b9e791b6f908319c40854dd7efc3fd849ddadbfd887b3a6daf840c4b45c",
    "https://esm.sh/v115/@types/lodash-es@4.17.7/toUpper.d.ts": "d0500a3d59144c0b5fb1bcb0625c53365170e870f621707a65a5e50d9baaaedb",
    "https://esm.sh/v115/@types/lodash-es@4.17.7/transform.d.ts": "5425aeebbcbdd1e82d7c5ea1d80d531e7772f84606becc585efef0048168d8f0",
    "https://esm.sh/v115/@types/lodash-es@4.17.7/trim.d.ts": "af804fded645c3240803dacce54624dc67fad6b1b71cfbb867d5eb974060d8e7",
    "https://esm.sh/v115/@types/lodash-es@4.17.7/trimEnd.d.ts": "eb2b15283b7c2d084517e5b7306cc1324be6c8a0e31938c16641d69ecb079c85",
    "https://esm.sh/v115/@types/lodash-es@4.17.7/trimStart.d.ts": "b5a488d724282b9eea6e21150dec9cb3d3bb4e1aa0d4b7bc621aef1e86853aeb",
    "https://esm.sh/v115/@types/lodash-es@4.17.7/truncate.d.ts": "9ab050864ca65ae80811dd5dfc67bb22640d80a83a6052f9b628b75761ccc5f1",
    "https://esm.sh/v115/@types/lodash-es@4.17.7/unary.d.ts": "11c5205fd9927d3f08ed66d9cc628300aa179c765aeafee217e2943f297eb709",
    "https://esm.sh/v115/@types/lodash-es@4.17.7/unescape.d.ts": "2eb2d27e1a8d94a60d75c48467185c7e5a62b111aca84032d8f8f1c09500bf8c",
    "https://esm.sh/v115/@types/lodash-es@4.17.7/union.d.ts": "1d82d853a9d975cf424bbf81ce6069146f9c9cd3002ef891dbc3c5c8ee8dfe8a",
    "https://esm.sh/v115/@types/lodash-es@4.17.7/unionBy.d.ts": "a240a4f1e7a64a69e56d4463b779520c01921e60bed7009df77d578d80348cc6",
    "https://esm.sh/v115/@types/lodash-es@4.17.7/unionWith.d.ts": "f2ccbd11a280ab2b7d22ef7c01b1d70be78aa51813278fd6f912c0b152cc63c8",
    "https://esm.sh/v115/@types/lodash-es@4.17.7/uniq.d.ts": "0536c711584c5f01f79851f069d4152c205bba20ab617a131243cf958297fe31",
    "https://esm.sh/v115/@types/lodash-es@4.17.7/uniqBy.d.ts": "119d6c066a26c52746929a218f7ccdd2f76386ff66de05244d25c44c407acb8a",
    "https://esm.sh/v115/@types/lodash-es@4.17.7/uniqWith.d.ts": "377b20f83742e7ed439f8d932b993d6c62a7db89af888f0cccf924a342a1050c",
    "https://esm.sh/v115/@types/lodash-es@4.17.7/uniqueId.d.ts": "f8ee5ea9b4ca8994f441b280fdbcf562a4c4cb1ad5123c6c10c69a1b27f7ce76",
    "https://esm.sh/v115/@types/lodash-es@4.17.7/unset.d.ts": "a3d94cfd4be006986f01bd3e99184d508b58073eca44b2bf0847824af3d9765b",
    "https://esm.sh/v115/@types/lodash-es@4.17.7/unzip.d.ts": "8d14c5e46d4f78d94a3fb8f94c494dc3980949e70381f95d13a19a07d83264b8",
    "https://esm.sh/v115/@types/lodash-es@4.17.7/unzipWith.d.ts": "67c6ab01b7660b497e81b7d6b2c9ef52711be26d10b605fbaeab3c0fb85da7c3",
    "https://esm.sh/v115/@types/lodash-es@4.17.7/update.d.ts": "92cef176d77351e211cec8349c21227c8dd65b27a2b5ae6b5c8202a4f65eab71",
    "https://esm.sh/v115/@types/lodash-es@4.17.7/updateWith.d.ts": "2ea516190f8f50290782b54681150bc7001af4d73a5f6ea473a164bb6a19c4ce",
    "https://esm.sh/v115/@types/lodash-es@4.17.7/upperCase.d.ts": "88195c07c46228c1527fc0564e8dbc5def5766c9afc8e4b4c1f1d7b92e96f1ed",
    "https://esm.sh/v115/@types/lodash-es@4.17.7/upperFirst.d.ts": "5134410476b954b4fcad529543b1e7f5fa94aabc57d0810b8f0d74cf6dc84509",
    "https://esm.sh/v115/@types/lodash-es@4.17.7/values.d.ts": "2cd65771fa8d5d39acc53eb1e60c55106b555b6f5a99cbbd678d9279a66e0ffe",
    "https://esm.sh/v115/@types/lodash-es@4.17.7/valuesIn.d.ts": "0e82d524f8bfe5befaf37d03ca364fc1d3e573c3747ece5113e184dee94a6a22",
    "https://esm.sh/v115/@types/lodash-es@4.17.7/without.d.ts": "8a84a9212919cfadc01941e0d06faf44ee14cadda60a6512175b3144647487b7",
    "https://esm.sh/v115/@types/lodash-es@4.17.7/words.d.ts": "3b1a5fd56255e6de44a2dc2eeced75a27f5242bbb145359386a7ed193fad83a4",
    "https://esm.sh/v115/@types/lodash-es@4.17.7/wrap.d.ts": "4abaf94e8a25c9b3fe03da5b89309afa63500a32063e1ca2cf50cd02318bd64f",
    "https://esm.sh/v115/@types/lodash-es@4.17.7/xor.d.ts": "4fbb2c0429ab956b7f0eefd3ed7682dacab2ea6987cda62a739f24d882ec9ae4",
    "https://esm.sh/v115/@types/lodash-es@4.17.7/xorBy.d.ts": "7029541adcc6c999cb4ef3388ed8898e47146a9a65f686d2f70e09f140275c3e",
    "https://esm.sh/v115/@types/lodash-es@4.17.7/xorWith.d.ts": "077e499b96931894c57585c25674b24b8b55e10ff92e07b426ef24ce7b179df4",
    "https://esm.sh/v115/@types/lodash-es@4.17.7/zip.d.ts": "a8c480a5b4a612186201439be4ef67b4fa5be81bdc1721f3a335cba2e38228cd",
    "https://esm.sh/v115/@types/lodash-es@4.17.7/zipObject.d.ts": "623f04250a24046bebc08f6c7fea9082c0512c119ee497e8f4fae95a2e13cdbe",
    "https://esm.sh/v115/@types/lodash-es@4.17.7/zipObjectDeep.d.ts": "c516aaa77ca4780b2be4df6471a7a9a4201bcd0eda885bc9286f1fc21f58fd1a",
    "https://esm.sh/v115/@types/lodash-es@4.17.7/zipWith.d.ts": "5e15d767e97369abe8e16653622da573bbdf2b49603d901413f4986113455711",
    "https://esm.sh/v115/@types/lodash@4.14.192/common/array.d.ts": "458111fc89d11d2151277c822dfdc1a28fa5b6b2493cf942e37d4cd0a6ee5f22",
    "https://esm.sh/v115/@types/lodash@4.14.192/common/collection.d.ts": "d70c026dd2eeaa974f430ea229230a1897fdb897dc74659deebe2afd4feeb08f",
    "https://esm.sh/v115/@types/lodash@4.14.192/common/common.d.ts": "1171e4dfda53f093511e29b1f993a21fca24925055640cacc94226eefb7bb062",
    "https://esm.sh/v115/@types/lodash@4.14.192/common/date.d.ts": "187119ff4f9553676a884e296089e131e8cc01691c546273b1d0089c3533ce42",
    "https://esm.sh/v115/@types/lodash@4.14.192/common/function.d.ts": "febf0b2de54781102b00f61653b21377390a048fbf5262718c91860d11ff34a6",
    "https://esm.sh/v115/@types/lodash@4.14.192/common/lang.d.ts": "98f9d826db9cd99d27a01a59ee5f22863df00ccf1aaf43e1d7db80ebf716f7c3",
    "https://esm.sh/v115/@types/lodash@4.14.192/common/math.d.ts": "0aaef8cded245bf5036a7a40b65622dd6c4da71f7a35343112edbe112b348a1e",
    "https://esm.sh/v115/@types/lodash@4.14.192/common/number.d.ts": "00baffbe8a2f2e4875367479489b5d43b5fc1429ecb4a4cc98cfc3009095f52a",
    "https://esm.sh/v115/@types/lodash@4.14.192/common/object.d.ts": "dcd91d3b697cb650b95db5471189b99815af5db2a1cd28760f91e0b12ede8ed5",
    "https://esm.sh/v115/@types/lodash@4.14.192/common/seq.d.ts": "3c92b6dfd43cc1c2485d9eba5ff0b74a19bb8725b692773ef1d66dac48cda4bd",
    "https://esm.sh/v115/@types/lodash@4.14.192/common/string.d.ts": "3cf0d343c2276842a5b617f22ba82af6322c7cfe8bb52238ffc0c491a3c21019",
    "https://esm.sh/v115/@types/lodash@4.14.192/common/util.d.ts": "df996e25faa505f85aeb294d15ebe61b399cf1d1e49959cdfaf2cc0815c203f9",
    "https://esm.sh/v115/@types/lodash@4.14.192/index.d.ts": "f2eff8704452659641164876c1ef0df4174659ce7311b0665798ea3f556fa9ad",
    "https://esm.sh/v115/@types/lodash@4.14.192/index~.d.ts": "f2eff8704452659641164876c1ef0df4174659ce7311b0665798ea3f556fa9ad",
    "https://esm.sh/v115/date-fns@2.29.3": "d4e7c05f22e6a3c7268c48218372d973941dcda902137868aede335095715163",
    "https://esm.sh/v115/date-fns@2.29.3/deno/date-fns.mjs": "12466676cd4455c40b04fe596e0ad9feea8043c82fda04caa923d061f5298e8e",
    "https://esm.sh/v115/date-fns@2.29.3/typings.d.ts": "cf017d986f600046edc03ea2517c699980d67a0cd16143a3d258ab2e311edcbd",
    "https://esm.sh/v115/jsbi@4.3.0": "bc62acb0d24ff944ee1066ca265d2327444e31ad305516a5dd544a666930f56d",
    "https://esm.sh/v115/jsbi@4.3.0/deno/jsbi.mjs": "501531baa6224d8fee36fd1784ac4a895d4933a7053eb24027c824471b746cd2",
    "https://esm.sh/v115/jsbi@4.3.0/jsbi.d.ts": "57c8f2881edb838ed1dfd43e61f81b063f0f85c4f874ad62dbd2fb230ef76bf2",
    "https://esm.sh/v115/lodash-es@4.17.21": "b4cf34b246d8ef3eea738aa44974cd6cb41d19458cc82501e0bb297305977325",
    "https://esm.sh/v115/lodash-es@4.17.21/deno/lodash-es.mjs": "7d219dc5718f662b642171d9914bf55cddc786e985e40c5aec10766931903616"
  }
}
