{
  "name": "rawjs",
  "version": "1.0.0",
  "lockfileVersion": 1,
  "requires": true,
  "dependencies": {
    "lodash": {
      "version": "4.17.20",
      "resolved": "https://registry.npmjs.org/lodash/-/lodash-4.17.20.tgz",
      "integrity": "sha512-PlhdFcillOINfeV7Ni6oF1TAEayyZBoZ8bcshTHqOYJYlrqzRK5hagpagky5o4HfCzzd1TRkXPMFq6cKk9rGmA==",
      "dev": true
    },
    "moment": {
      "version": "2.29.1",
      "resolved": "https://registry.npmjs.org/moment/-/moment-2.29.1.tgz",
      "integrity": "sha512-kHmoybcPV8Sqy59DwNDY3Jefr64lK/by/da0ViFcuA4DH0vQg5Q6Ze5VimxkfQNSC+Mls/Kx53s7TjP1RhFEDQ==",
      "dev": true
    },
    "sugar": {
      "version": "2.0.6",
      "resolved": "https://registry.npmjs.org/sugar/-/sugar-2.0.6.tgz",
      "integrity": "sha512-s0P2/pjJtAD9VA44+2Gqm3NdC4v+08melA6YubOxzshu628krTbn95/M2GWMrI9rYspZMpYBIrChR46fjQ7xsQ==",
      "dev": true,
      "requires": {
        "sugar-core": "^2.0.0"
      }
    },
    "sugar-core": {
      "version": "2.0.6",
      "resolved": "https://registry.npmjs.org/sugar-core/-/sugar-core-2.0.6.tgz",
      "integrity": "sha512-YmLFysR3Si6RImqL1+aB6JH81EXxvXn5iXhPf2PsjfoUYEwCxFDYCQY+zC3WqviuGWzxFaSkkJvkUE05Y03L5Q==",
      "dev": true
    },
    "underscore": {
      "version": "1.11.0",
      "resolved": "https://registry.npmjs.org/underscore/-/underscore-1.11.0.tgz",
      "integrity": "sha512-xY96SsN3NA461qIRKZ/+qox37YXPtSBswMGfiNptr+wrt6ds4HaMw23TP612fEyGekRE6LNRiLYr/aqbHXNedw==",
      "dev": true
    }
  }
}
